
Microsoft Visual Studio Solution File, Format Version 12.00
# Visual Studio Version 16
VisualStudioVersion = 16.0.29609.76
MinimumVisualStudioVersion = 10.0.40219.1
Project("{FAE04EC0-301F-11D3-BF4B-00C04F79EFBC}") = "WpfMvvm", "WpfMvvm\WpfMvvm.csproj", "{7B2F9EC1-7945-4A9B-B7EB-4E807AC0B9D4}"
EndProject
Project("{FAE04EC0-301F-11D3-BF4B-00C04F79EFBC}") = "WinForm", "WinForm\WinForm.csproj", "{4075311A-891A-4618-AA58-47748FB60126}"
EndProject
Project("{9A19103F-16F7-4668-BE54-9A1E7A4F7556}") = "ConsoleApp1", "ConsoleApp1\ConsoleApp1.csproj", "{E60322D0-1376-486C-8F11-4EA0C606013A}"
EndProject
Project("{9A19103F-16F7-4668-BE54-9A1E7A4F7556}") = "ConsoleApp2", "ConsoleApp2\ConsoleApp2.csproj", "{570130E9-0F61-4384-8898-468200B56737}"
EndProject
Project("{FAE04EC0-301F-11D3-BF4B-00C04F79EFBC}") = "ConsoleKeyHooker", "ConsoleKeyHooker\ConsoleKeyHooker.csproj", "{2CD99ADF-C319-4744-9F52-DBA179E4F2DA}"
EndProject
Project("{FAE04EC0-301F-11D3-BF4B-00C04F79EFBC}") = "ConsoleKeySender", "ConsoleKeySender\ConsoleKeySender.csproj", "{101FA112-6EC2-4E5A-9C7B-E5D255D4A777}"
EndProject
Project("{FAE04EC0-301F-11D3-BF4B-00C04F79EFBC}") = "WpfApp1", "WpfApp1\WpfApp1.csproj", "{0B8FAC6E-11FA-4DFD-BCE7-C7BB8AD952DA}"
EndProject
Project("{FAE04EC0-301F-11D3-BF4B-00C04F79EFBC}") = "Mp3AutoPlayer", "Mp3AutoPlayer\Mp3AutoPlayer.csproj", "{AFEF1652-C7AA-496F-9929-BBF75A9F0C64}"
EndProject
Project("{FAE04EC0-301F-11D3-BF4B-00C04F79EFBC}") = "EventReceiver", "EventReceiver\EventReceiver.csproj", "{D07238AC-DF54-48B9-B6E8-7D9CD6104249}"
EndProject
Project("{FAE04EC0-301F-11D3-BF4B-00C04F79EFBC}") = "BluePope.WpfCore", "BluePope.WpfCore\BluePope.WpfCore.csproj", "{E17524D2-9448-45B2-A4EA-B7A885A00F6E}"
EndProject
Project("{FAE04EC0-301F-11D3-BF4B-00C04F79EFBC}") = "BluePope.WinformCore", "BluePope.WinformCore\BluePope.WinformCore.csproj", "{62B69ED0-8CAD-4485-922E-A2B4A420D8D7}"
EndProject
Global
	GlobalSection(SolutionConfigurationPlatforms) = preSolution
		Debug|Any CPU = Debug|Any CPU
		Release|Any CPU = Release|Any CPU
	EndGlobalSection
	GlobalSection(ProjectConfigurationPlatforms) = postSolution
		{7B2F9EC1-7945-4A9B-B7EB-4E807AC0B9D4}.Debug|Any CPU.ActiveCfg = Debug|Any CPU
		{7B2F9EC1-7945-4A9B-B7EB-4E807AC0B9D4}.Debug|Any CPU.Build.0 = Debug|Any CPU
		{7B2F9EC1-7945-4A9B-B7EB-4E807AC0B9D4}.Release|Any CPU.ActiveCfg = Release|Any CPU
		{7B2F9EC1-7945-4A9B-B7EB-4E807AC0B9D4}.Release|Any CPU.Build.0 = Release|Any CPU
		{4075311A-891A-4618-AA58-47748FB60126}.Debug|Any CPU.ActiveCfg = Debug|Any CPU
		{4075311A-891A-4618-AA58-47748FB60126}.Debug|Any CPU.Build.0 = Debug|Any CPU
		{4075311A-891A-4618-AA58-47748FB60126}.Release|Any CPU.ActiveCfg = Release|Any CPU
		{4075311A-891A-4618-AA58-47748FB60126}.Release|Any CPU.Build.0 = Release|Any CPU
		{E60322D0-1376-486C-8F11-4EA0C606013A}.Debug|Any CPU.ActiveCfg = Debug|Any CPU
		{E60322D0-1376-486C-8F11-4EA0C606013A}.Debug|Any CPU.Build.0 = Debug|Any CPU
		{E60322D0-1376-486C-8F11-4EA0C606013A}.Release|Any CPU.ActiveCfg = Release|Any CPU
		{E60322D0-1376-486C-8F11-4EA0C606013A}.Release|Any CPU.Build.0 = Release|Any CPU
		{570130E9-0F61-4384-8898-468200B56737}.Debug|Any CPU.ActiveCfg = Debug|Any CPU
		{570130E9-0F61-4384-8898-468200B56737}.Debug|Any CPU.Build.0 = Debug|Any CPU
		{570130E9-0F61-4384-8898-468200B56737}.Release|Any CPU.ActiveCfg = Release|Any CPU
		{570130E9-0F61-4384-8898-468200B56737}.Release|Any CPU.Build.0 = Release|Any CPU
		{2CD99ADF-C319-4744-9F52-DBA179E4F2DA}.Debug|Any CPU.ActiveCfg = Debug|Any CPU
		{2CD99ADF-C319-4744-9F52-DBA179E4F2DA}.Debug|Any CPU.Build.0 = Debug|Any CPU
		{2CD99ADF-C319-4744-9F52-DBA179E4F2DA}.Release|Any CPU.ActiveCfg = Release|Any CPU
		{2CD99ADF-C319-4744-9F52-DBA179E4F2DA}.Release|Any CPU.Build.0 = Release|Any CPU
		{101FA112-6EC2-4E5A-9C7B-E5D255D4A777}.Debug|Any CPU.ActiveCfg = Debug|Any CPU
		{101FA112-6EC2-4E5A-9C7B-E5D255D4A777}.Debug|Any CPU.Build.0 = Debug|Any CPU
		{101FA112-6EC2-4E5A-9C7B-E5D255D4A777}.Release|Any CPU.ActiveCfg = Release|Any CPU
		{101FA112-6EC2-4E5A-9C7B-E5D255D4A777}.Release|Any CPU.Build.0 = Release|Any CPU
		{0B8FAC6E-11FA-4DFD-BCE7-C7BB8AD952DA}.Debug|Any CPU.ActiveCfg = Debug|Any CPU
		{0B8FAC6E-11FA-4DFD-BCE7-C7BB8AD952DA}.Debug|Any CPU.Build.0 = Debug|Any CPU
		{0B8FAC6E-11FA-4DFD-BCE7-C7BB8AD952DA}.Release|Any CPU.ActiveCfg = Release|Any CPU
		{0B8FAC6E-11FA-4DFD-BCE7-C7BB8AD952DA}.Release|Any CPU.Build.0 = Release|Any CPU
		{AFEF1652-C7AA-496F-9929-BBF75A9F0C64}.Debug|Any CPU.ActiveCfg = Debug|Any CPU
		{AFEF1652-C7AA-496F-9929-BBF75A9F0C64}.Debug|Any CPU.Build.0 = Debug|Any CPU
		{AFEF1652-C7AA-496F-9929-BBF75A9F0C64}.Release|Any CPU.ActiveCfg = Release|Any CPU
		{AFEF1652-C7AA-496F-9929-BBF75A9F0C64}.Release|Any CPU.Build.0 = Release|Any CPU
		{D07238AC-DF54-48B9-B6E8-7D9CD6104249}.Debug|Any CPU.ActiveCfg = Debug|Any CPU
		{D07238AC-DF54-48B9-B6E8-7D9CD6104249}.Debug|Any CPU.Build.0 = Debug|Any CPU
		{D07238AC-DF54-48B9-B6E8-7D9CD6104249}.Release|Any CPU.ActiveCfg = Release|Any CPU
		{D07238AC-DF54-48B9-B6E8-7D9CD6104249}.Release|Any CPU.Build.0 = Release|Any CPU
		{E17524D2-9448-45B2-A4EA-B7A885A00F6E}.Debug|Any CPU.ActiveCfg = Debug|Any CPU
		{E17524D2-9448-45B2-A4EA-B7A885A00F6E}.Debug|Any CPU.Build.0 = Debug|Any CPU
		{E17524D2-9448-45B2-A4EA-B7A885A00F6E}.Release|Any CPU.ActiveCfg = Release|Any CPU
		{E17524D2-9448-45B2-A4EA-B7A885A00F6E}.Release|Any CPU.Build.0 = Release|Any CPU
		{62B69ED0-8CAD-4485-922E-A2B4A420D8D7}.Debug|Any CPU.ActiveCfg = Debug|Any CPU
		{62B69ED0-8CAD-4485-922E-A2B4A420D8D7}.Debug|Any CPU.Build.0 = Debug|Any CPU
		{62B69ED0-8CAD-4485-922E-A2B4A420D8D7}.Release|Any CPU.ActiveCfg = Release|Any CPU
		{62B69ED0-8CAD-4485-922E-A2B4A420D8D7}.Release|Any CPU.Build.0 = Release|Any CPU
	EndGlobalSection
	GlobalSection(SolutionProperties) = preSolution
		HideSolutionNode = FALSE
	EndGlobalSection
	GlobalSection(ExtensibilityGlobals) = postSolution
		SolutionGuid = {A00A7ED0-1ADA-40D9-9EED-ADC100153FC3}
	EndGlobalSection
EndGlobal
